// !$*UTF8*$!
{
	archiveVersion = 1;
	classes = {
	};
	objectVersion = 46;
	objects = {

/* Begin PBXBuildFile section */
		0634F09F160A0D3F00A6C86A /* DemoFakeModel.m in Sources */ = {isa = PBXBuildFile; fileRef = 0634F09C160A0D3F00A6C86A /* DemoFakeModel.m */; };
		0634F0A0160A0D3F00A6C86A /* DemoWindowController.m in Sources */ = {isa = PBXBuildFile; fileRef = 0634F09E160A0D3F00A6C86A /* DemoWindowController.m */; };
		0634F0A6160A0D6200A6C86A /* largeImage.png in Resources */ = {isa = PBXBuildFile; fileRef = 0634F0A5160A0D6200A6C86A /* largeImage.png */; };
		0634F0AB160A0D7900A6C86A /* DemoWindow.xib in Resources */ = {isa = PBXBuildFile; fileRef = 0634F0A7160A0D7900A6C86A /* DemoWindow.xib */; };
		0634F0B6160A1D5D00A6C86A /* MMTabBarView.framework in CopyFiles */ = {isa = PBXBuildFile; fileRef = 06DB23EA1609F5D80071BDA0 /* MMTabBarView.framework */; settings = {ATTRIBUTES = (CodeSignOnCopy, ); }; };
		06DB23CE1609F5B90071BDA0 /* Cocoa.framework in Frameworks */ = {isa = PBXBuildFile; fileRef = 06DB23CD1609F5B90071BDA0 /* Cocoa.framework */; };
		06DB23D81609F5B90071BDA0 /* InfoPlist.strings in Resources */ = {isa = PBXBuildFile; fileRef = 06DB23D61609F5B90071BDA0 /* InfoPlist.strings */; };
		06DB23DA1609F5B90071BDA0 /* main.m in Sources */ = {isa = PBXBuildFile; fileRef = 06DB23D91609F5B90071BDA0 /* main.m */; };
		06DB23DE1609F5B90071BDA0 /* Credits.rtf in Resources */ = {isa = PBXBuildFile; fileRef = 06DB23DC1609F5B90071BDA0 /* Credits.rtf */; };
		06DB23E11609F5B90071BDA0 /* MMAppDelegate.m in Sources */ = {isa = PBXBuildFile; fileRef = 06DB23E01609F5B90071BDA0 /* MMAppDelegate.m */; };
		06DB23E41609F5BA0071BDA0 /* MainMenu.xib in Resources */ = {isa = PBXBuildFile; fileRef = 06DB23E21609F5BA0071BDA0 /* MainMenu.xib */; };
		06DB23EB1609F5D80071BDA0 /* MMTabBarView.framework in Frameworks */ = {isa = PBXBuildFile; fileRef = 06DB23EA1609F5D80071BDA0 /* MMTabBarView.framework */; };
/* End PBXBuildFile section */

/* Begin PBXCopyFilesBuildPhase section */
		0634F0B4160A1D2E00A6C86A /* CopyFiles */ = {
			isa = PBXCopyFilesBuildPhase;
			buildActionMask = 2147483647;
			dstPath = "";
			dstSubfolderSpec = 10;
			files = (
				0634F0B6160A1D5D00A6C86A /* MMTabBarView.framework in CopyFiles */,
			);
			runOnlyForDeploymentPostprocessing = 0;
		};
/* End PBXCopyFilesBuildPhase section */

/* Begin PBXFileReference section */
		0634F09B160A0D3F00A6C86A /* DemoFakeModel.h */ = {isa = PBXFileReference; fileEncoding = 4; lastKnownFileType = sourcecode.c.h; path = DemoFakeModel.h; sourceTree = "<group>"; };
		0634F09C160A0D3F00A6C86A /* DemoFakeModel.m */ = {isa = PBXFileReference; fileEncoding = 4; lastKnownFileType = sourcecode.c.objc; path = DemoFakeModel.m; sourceTree = "<group>"; };
		0634F09D160A0D3F00A6C86A /* DemoWindowController.h */ = {isa = PBXFileReference; fileEncoding = 4; lastKnownFileType = sourcecode.c.h; path = DemoWindowController.h; sourceTree = "<group>"; };
		0634F09E160A0D3F00A6C86A /* DemoWindowController.m */ = {isa = PBXFileReference; fileEncoding = 4; lastKnownFileType = sourcecode.c.objc; path = DemoWindowController.m; sourceTree = "<group>"; };
		0634F0A5160A0D6200A6C86A /* largeImage.png */ = {isa = PBXFileReference; lastKnownFileType = image.png; path = largeImage.png; sourceTree = "<group>"; };
		0634F0A8160A0D7900A6C86A /* en */ = {isa = PBXFileReference; lastKnownFileType = file.xib; name = en; path = en.lproj/DemoWindow.xib; sourceTree = "<group>"; };
		0634F0B8160A1F6500A6C86A /* Base.xcconfig */ = {isa = PBXFileReference; fileEncoding = 4; lastKnownFileType = text.xcconfig; name = Base.xcconfig; path = ../Configurations/Base.xcconfig; sourceTree = "<group>"; };
		0634F0B9160A1F6500A6C86A /* Debug.xcconfig */ = {isa = PBXFileReference; fileEncoding = 4; lastKnownFileType = text.xcconfig; name = Debug.xcconfig; path = ../Configurations/Debug.xcconfig; sourceTree = "<group>"; };
		0634F0BA160A1F6500A6C86A /* MMTabBarViewDemo-Base.xcconfig */ = {isa = PBXFileReference; fileEncoding = 4; lastKnownFileType = text.xcconfig; name = "MMTabBarViewDemo-Base.xcconfig"; path = "../Configurations/MMTabBarViewDemo-Base.xcconfig"; sourceTree = "<group>"; };
		0634F0BB160A1F6500A6C86A /* MMTabBarViewDemo-Debug.xcconfig */ = {isa = PBXFileReference; fileEncoding = 4; lastKnownFileType = text.xcconfig; name = "MMTabBarViewDemo-Debug.xcconfig"; path = "../Configurations/MMTabBarViewDemo-Debug.xcconfig"; sourceTree = "<group>"; };
		0634F0BC160A1F6500A6C86A /* MMTabBarViewDemo-Release.xcconfig */ = {isa = PBXFileReference; fileEncoding = 4; lastKnownFileType = text.xcconfig; name = "MMTabBarViewDemo-Release.xcconfig"; path = "../Configurations/MMTabBarViewDemo-Release.xcconfig"; sourceTree = "<group>"; };
		0634F0BD160A1F6500A6C86A /* Release.xcconfig */ = {isa = PBXFileReference; fileEncoding = 4; lastKnownFileType = text.xcconfig; name = Release.xcconfig; path = ../Configurations/Release.xcconfig; sourceTree = "<group>"; };
		06DB23C91609F5B90071BDA0 /* MMTabBarView Demo.app */ = {isa = PBXFileReference; explicitFileType = wrapper.application; includeInIndex = 0; path = "MMTabBarView Demo.app"; sourceTree = BUILT_PRODUCTS_DIR; };
		06DB23CD1609F5B90071BDA0 /* Cocoa.framework */ = {isa = PBXFileReference; lastKnownFileType = wrapper.framework; name = Cocoa.framework; path = System/Library/Frameworks/Cocoa.framework; sourceTree = SDKROOT; };
		06DB23D01609F5B90071BDA0 /* AppKit.framework */ = {isa = PBXFileReference; lastKnownFileType = wrapper.framework; name = AppKit.framework; path = System/Library/Frameworks/AppKit.framework; sourceTree = SDKROOT; };
		06DB23D11609F5B90071BDA0 /* CoreData.framework */ = {isa = PBXFileReference; lastKnownFileType = wrapper.framework; name = CoreData.framework; path = System/Library/Frameworks/CoreData.framework; sourceTree = SDKROOT; };
		06DB23D21609F5B90071BDA0 /* Foundation.framework */ = {isa = PBXFileReference; lastKnownFileType = wrapper.framework; name = Foundation.framework; path = System/Library/Frameworks/Foundation.framework; sourceTree = SDKROOT; };
		06DB23D51609F5B90071BDA0 /* MMTabBarView Demo-Info.plist */ = {isa = PBXFileReference; lastKnownFileType = text.plist.xml; path = "MMTabBarView Demo-Info.plist"; sourceTree = "<group>"; };
		06DB23D71609F5B90071BDA0 /* en */ = {isa = PBXFileReference; lastKnownFileType = text.plist.strings; name = en; path = en.lproj/InfoPlist.strings; sourceTree = "<group>"; };
		06DB23D91609F5B90071BDA0 /* main.m */ = {isa = PBXFileReference; lastKnownFileType = sourcecode.c.objc; path = main.m; sourceTree = "<group>"; };
		06DB23DB1609F5B90071BDA0 /* MMTabBarView Demo-Prefix.pch */ = {isa = PBXFileReference; lastKnownFileType = sourcecode.c.h; path = "MMTabBarView Demo-Prefix.pch"; sourceTree = "<group>"; };
		06DB23DD1609F5B90071BDA0 /* en */ = {isa = PBXFileReference; lastKnownFileType = text.rtf; name = en; path = en.lproj/Credits.rtf; sourceTree = "<group>"; };
		06DB23DF1609F5B90071BDA0 /* MMAppDelegate.h */ = {isa = PBXFileReference; lastKnownFileType = sourcecode.c.h; path = MMAppDelegate.h; sourceTree = "<group>"; };
		06DB23E01609F5B90071BDA0 /* MMAppDelegate.m */ = {isa = PBXFileReference; lastKnownFileType = sourcecode.c.objc; path = MMAppDelegate.m; sourceTree = "<group>"; };
		06DB23E31609F5BA0071BDA0 /* en */ = {isa = PBXFileReference; lastKnownFileType = file.xib; name = en; path = en.lproj/MainMenu.xib; sourceTree = "<group>"; };
		06DB23EA1609F5D80071BDA0 /* MMTabBarView.framework */ = {isa = PBXFileReference; lastKnownFileType = wrapper.framework; path = MMTabBarView.framework; sourceTree = BUILT_PRODUCTS_DIR; };
/* End PBXFileReference section */

/* Begin PBXFrameworksBuildPhase section */
		06DB23C61609F5B90071BDA0 /* Frameworks */ = {
			isa = PBXFrameworksBuildPhase;
			buildActionMask = 2147483647;
			files = (
				06DB23EB1609F5D80071BDA0 /* MMTabBarView.framework in Frameworks */,
				06DB23CE1609F5B90071BDA0 /* Cocoa.framework in Frameworks */,
			);
			runOnlyForDeploymentPostprocessing = 0;
		};
/* End PBXFrameworksBuildPhase section */

/* Begin PBXGroup section */
		0634F0A2160A0D4800A6C86A /* Model */ = {
			isa = PBXGroup;
			children = (
				0634F09B160A0D3F00A6C86A /* DemoFakeModel.h */,
				0634F09C160A0D3F00A6C86A /* DemoFakeModel.m */,
			);
			name = Model;
			sourceTree = "<group>";
		};
		0634F0A3160A0D5900A6C86A /* Resources */ = {
			isa = PBXGroup;
			children = (
				06DB23E21609F5BA0071BDA0 /* MainMenu.xib */,
				0634F0A7160A0D7900A6C86A /* DemoWindow.xib */,
				0634F0A4160A0D6200A6C86A /* Images */,
			);
			name = Resources;
			sourceTree = "<group>";
		};
		0634F0A4160A0D6200A6C86A /* Images */ = {
			isa = PBXGroup;
			children = (
				0634F0A5160A0D6200A6C86A /* largeImage.png */,
			);
			path = Images;
			sourceTree = "<group>";
		};
		0634F0B7160A1F4600A6C86A /* Configurations */ = {
			isa = PBXGroup;
			children = (
				0634F0B8160A1F6500A6C86A /* Base.xcconfig */,
				0634F0B9160A1F6500A6C86A /* Debug.xcconfig */,
				0634F0BA160A1F6500A6C86A /* MMTabBarViewDemo-Base.xcconfig */,
				0634F0BB160A1F6500A6C86A /* MMTabBarViewDemo-Debug.xcconfig */,
				0634F0BC160A1F6500A6C86A /* MMTabBarViewDemo-Release.xcconfig */,
				0634F0BD160A1F6500A6C86A /* Release.xcconfig */,
			);
			name = Configurations;
			sourceTree = "<group>";
		};
		06DB23BE1609F5B90071BDA0 = {
			isa = PBXGroup;
			children = (
				0634F0B7160A1F4600A6C86A /* Configurations */,
				06DB23D31609F5B90071BDA0 /* MMTabBarView Demo */,
				06DB23CC1609F5B90071BDA0 /* Frameworks */,
				06DB23CA1609F5B90071BDA0 /* Products */,
			);
			sourceTree = "<group>";
		};
		06DB23CA1609F5B90071BDA0 /* Products */ = {
			isa = PBXGroup;
			children = (
				06DB23C91609F5B90071BDA0 /* MMTabBarView Demo.app */,
			);
			name = Products;
			sourceTree = "<group>";
		};
		06DB23CC1609F5B90071BDA0 /* Frameworks */ = {
			isa = PBXGroup;
			children = (
				06DB23EA1609F5D80071BDA0 /* MMTabBarView.framework */,
				06DB23CD1609F5B90071BDA0 /* Cocoa.framework */,
				06DB23CF1609F5B90071BDA0 /* Other Frameworks */,
			);
			name = Frameworks;
			sourceTree = "<group>";
		};
		06DB23CF1609F5B90071BDA0 /* Other Frameworks */ = {
			isa = PBXGroup;
			children = (
				06DB23D01609F5B90071BDA0 /* AppKit.framework */,
				06DB23D11609F5B90071BDA0 /* CoreData.framework */,
				06DB23D21609F5B90071BDA0 /* Foundation.framework */,
			);
			name = "Other Frameworks";
			sourceTree = "<group>";
		};
		06DB23D31609F5B90071BDA0 /* MMTabBarView Demo */ = {
			isa = PBXGroup;
			children = (
				06DB23DF1609F5B90071BDA0 /* MMAppDelegate.h */,
				06DB23E01609F5B90071BDA0 /* MMAppDelegate.m */,
				0634F09D160A0D3F00A6C86A /* DemoWindowController.h */,
				0634F09E160A0D3F00A6C86A /* DemoWindowController.m */,
				0634F0A2160A0D4800A6C86A /* Model */,
				0634F0A3160A0D5900A6C86A /* Resources */,
				06DB23D41609F5B90071BDA0 /* Supporting Files */,
			);
			path = "MMTabBarView Demo";
			sourceTree = "<group>";
		};
		06DB23D41609F5B90071BDA0 /* Supporting Files */ = {
			isa = PBXGroup;
			children = (
				06DB23D51609F5B90071BDA0 /* MMTabBarView Demo-Info.plist */,
				06DB23D61609F5B90071BDA0 /* InfoPlist.strings */,
				06DB23D91609F5B90071BDA0 /* main.m */,
				06DB23DB1609F5B90071BDA0 /* MMTabBarView Demo-Prefix.pch */,
				06DB23DC1609F5B90071BDA0 /* Credits.rtf */,
			);
			name = "Supporting Files";
			sourceTree = "<group>";
		};
/* End PBXGroup section */

/* Begin PBXNativeTarget section */
		06DB23C81609F5B90071BDA0 /* MMTabBarView Demo */ = {
			isa = PBXNativeTarget;
			buildConfigurationList = 06DB23E71609F5BA0071BDA0 /* Build configuration list for PBXNativeTarget "MMTabBarView Demo" */;
			buildPhases = (
				06DB23C51609F5B90071BDA0 /* Sources */,
				06DB23C61609F5B90071BDA0 /* Frameworks */,
				06DB23C71609F5B90071BDA0 /* Resources */,
				0634F0B4160A1D2E00A6C86A /* CopyFiles */,
			);
			buildRules = (
			);
			dependencies = (
			);
			name = "MMTabBarView Demo";
			productName = "MMTabBarView Demo";
			productReference = 06DB23C91609F5B90071BDA0 /* MMTabBarView Demo.app */;
			productType = "com.apple.product-type.application";
		};
/* End PBXNativeTarget section */

/* Begin PBXProject section */
		06DB23C01609F5B90071BDA0 /* Project object */ = {
			isa = PBXProject;
			attributes = {
				CLASSPREFIX = MM;
				LastUpgradeCheck = 0800;
				ORGANIZATIONNAME = "Michael Monscheuer";
			};
			buildConfigurationList = 06DB23C31609F5B90071BDA0 /* Build configuration list for PBXProject "MMTabBarView Demo" */;
			compatibilityVersion = "Xcode 3.2";
			developmentRegion = English;
			hasScannedForEncodings = 0;
			knownRegions = (
				en,
			);
			mainGroup = 06DB23BE1609F5B90071BDA0;
			productRefGroup = 06DB23CA1609F5B90071BDA0 /* Products */;
			projectDirPath = "";
			projectRoot = "";
			targets = (
				06DB23C81609F5B90071BDA0 /* MMTabBarView Demo */,
			);
		};
/* End PBXProject section */

/* Begin PBXResourcesBuildPhase section */
		06DB23C71609F5B90071BDA0 /* Resources */ = {
			isa = PBXResourcesBuildPhase;
			buildActionMask = 2147483647;
			files = (
				06DB23D81609F5B90071BDA0 /* InfoPlist.strings in Resources */,
				06DB23DE1609F5B90071BDA0 /* Credits.rtf in Resources */,
				06DB23E41609F5BA0071BDA0 /* MainMenu.xib in Resources */,
				0634F0A6160A0D6200A6C86A /* largeImage.png in Resources */,
				0634F0AB160A0D7900A6C86A /* DemoWindow.xib in Resources */,
			);
			runOnlyForDeploymentPostprocessing = 0;
		};
/* End PBXResourcesBuildPhase section */

/* Begin PBXSourcesBuildPhase section */
		06DB23C51609F5B90071BDA0 /* Sources */ = {
			isa = PBXSourcesBuildPhase;
			buildActionMask = 2147483647;
			files = (
				06DB23DA1609F5B90071BDA0 /* main.m in Sources */,
				06DB23E11609F5B90071BDA0 /* MMAppDelegate.m in Sources */,
				0634F09F160A0D3F00A6C86A /* DemoFakeModel.m in Sources */,
				0634F0A0160A0D3F00A6C86A /* DemoWindowController.m in Sources */,
			);
			runOnlyForDeploymentPostprocessing = 0;
		};
/* End PBXSourcesBuildPhase section */

/* Begin PBXVariantGroup section */
		0634F0A7160A0D7900A6C86A /* DemoWindow.xib */ = {
			isa = PBXVariantGroup;
			children = (
				0634F0A8160A0D7900A6C86A /* en */,
			);
			name = DemoWindow.xib;
			sourceTree = "<group>";
		};
		06DB23D61609F5B90071BDA0 /* InfoPlist.strings */ = {
			isa = PBXVariantGroup;
			children = (
				06DB23D71609F5B90071BDA0 /* en */,
			);
			name = InfoPlist.strings;
			sourceTree = "<group>";
		};
		06DB23DC1609F5B90071BDA0 /* Credits.rtf */ = {
			isa = PBXVariantGroup;
			children = (
				06DB23DD1609F5B90071BDA0 /* en */,
			);
			name = Credits.rtf;
			sourceTree = "<group>";
		};
		06DB23E21609F5BA0071BDA0 /* MainMenu.xib */ = {
			isa = PBXVariantGroup;
			children = (
				06DB23E31609F5BA0071BDA0 /* en */,
			);
			name = MainMenu.xib;
			sourceTree = "<group>";
		};
/* End PBXVariantGroup section */

/* Begin XCBuildConfiguration section */
		06DB23E51609F5BA0071BDA0 /* Debug */ = {
			isa = XCBuildConfiguration;
			buildSettings = {
				ALWAYS_SEARCH_USER_PATHS = NO;
				CLANG_CXX_LANGUAGE_STANDARD = "gnu++0x";
				CLANG_WARN_BOOL_CONVERSION = YES;
				CLANG_WARN_CONSTANT_CONVERSION = YES;
				CLANG_WARN_EMPTY_BODY = YES;
				CLANG_WARN_ENUM_CONVERSION = YES;
				CLANG_WARN_INFINITE_RECURSION = YES;
				CLANG_WARN_INT_CONVERSION = YES;
				CLANG_WARN_SUSPICIOUS_MOVE = YES;
				CLANG_WARN_UNREACHABLE_CODE = YES;
				CLANG_WARN__DUPLICATE_METHOD_MATCH = YES;
				COPY_PHASE_STRIP = NO;
				ENABLE_STRICT_OBJC_MSGSEND = YES;
				ENABLE_TESTABILITY = YES;
				GCC_C_LANGUAGE_STANDARD = gnu99;
				GCC_DYNAMIC_NO_PIC = NO;
				GCC_ENABLE_OBJC_EXCEPTIONS = YES;
				GCC_NO_COMMON_BLOCKS = YES;
				GCC_OPTIMIZATION_LEVEL = 0;
				GCC_PREPROCESSOR_DEFINITIONS = (
					"DEBUG=1",
					"$(inherited)",
				);
				GCC_SYMBOLS_PRIVATE_EXTERN = NO;
				GCC_WARN_64_TO_32_BIT_CONVERSION = YES;
				GCC_WARN_ABOUT_RETURN_TYPE = YES;
				GCC_WARN_UNDECLARED_SELECTOR = YES;
				GCC_WARN_UNINITIALIZED_AUTOS = YES;
				GCC_WARN_UNUSED_FUNCTION = YES;
				GCC_WARN_UNUSED_VARIABLE = YES;
				ONLY_ACTIVE_ARCH = YES;
				SDKROOT = macosx;
			};
			name = Debug;
		};
		06DB23E61609F5BA0071BDA0 /* Release */ = {
			isa = XCBuildConfiguration;
			buildSettings = {
				ALWAYS_SEARCH_USER_PATHS = NO;
				CLANG_CXX_LANGUAGE_STANDARD = "gnu++0x";
				CLANG_WARN_BOOL_CONVERSION = YES;
				CLANG_WARN_CONSTANT_CONVERSION = YES;
				CLANG_WARN_EMPTY_BODY = YES;
				CLANG_WARN_ENUM_CONVERSION = YES;
				CLANG_WARN_INFINITE_RECURSION = YES;
				CLANG_WARN_INT_CONVERSION = YES;
				CLANG_WARN_SUSPICIOUS_MOVE = YES;
				CLANG_WARN_UNREACHABLE_CODE = YES;
				CLANG_WARN__DUPLICATE_METHOD_MATCH = YES;
				COPY_PHASE_STRIP = YES;
				DEBUG_INFORMATION_FORMAT = "dwarf-with-dsym";
				ENABLE_STRICT_OBJC_MSGSEND = YES;
				GCC_C_LANGUAGE_STANDARD = gnu99;
				GCC_ENABLE_OBJC_EXCEPTIONS = YES;
				GCC_NO_COMMON_BLOCKS = YES;
				GCC_WARN_64_TO_32_BIT_CONVERSION = YES;
				GCC_WARN_ABOUT_RETURN_TYPE = YES;
				GCC_WARN_UNDECLARED_SELECTOR = YES;
				GCC_WARN_UNINITIALIZED_AUTOS = YES;
				GCC_WARN_UNUSED_FUNCTION = YES;
				GCC_WARN_UNUSED_VARIABLE = YES;
				SDKROOT = macosx;
			};
			name = Release;
		};
		06DB23E81609F5BA0071BDA0 /* Debug */ = {
			isa = XCBuildConfiguration;
			baseConfigurationReference = 0634F0BB160A1F6500A6C86A /* MMTabBarViewDemo-Debug.xcconfig */;
			buildSettings = {
				CLANG_ENABLE_OBJC_ARC = YES;
				COMBINE_HIDPI_IMAGES = YES;
				GCC_PRECOMPILE_PREFIX_HEADER = YES;
				GCC_PREFIX_HEADER = "MMTabBarView Demo/MMTabBarView Demo-Prefix.pch";
				INFOPLIST_FILE = "MMTabBarView Demo/MMTabBarView Demo-Info.plist";
				PRODUCT_BUNDLE_IDENTIFIER = "de.monscheuer.${PRODUCT_NAME:rfc1034identifier}";
				PRODUCT_NAME = "$(TARGET_NAME)";
				WRAPPER_EXTENSION = app;
			};
			name = Debug;
		};
		06DB23E91609F5BA0071BDA0 /* Release */ = {
			isa = XCBuildConfiguration;
			baseConfigurationReference = 0634F0BC160A1F6500A6C86A /* MMTabBarViewDemo-Release.xcconfig */;
			buildSettings = {
				CLANG_ENABLE_OBJC_ARC = YES;
				COMBINE_HIDPI_IMAGES = YES;
				GCC_PRECOMPILE_PREFIX_HEADER = YES;
				GCC_PREFIX_HEADER = "MMTabBarView Demo/MMTabBarView Demo-Prefix.pch";
				INFOPLIST_FILE = "MMTabBarView Demo/MMTabBarView Demo-Info.plist";
				PRODUCT_BUNDLE_IDENTIFIER = "de.monscheuer.${PRODUCT_NAME:rfc1034identifier}";
				PRODUCT_NAME = "$(TARGET_NAME)";
				WRAPPER_EXTENSION = app;
			};
			name = Release;
		};
/* End XCBuildConfiguration section */

/* Begin XCConfigurationList section */
		06DB23C31609F5B90071BDA0 /* Build configuration list for PBXProject "MMTabBarView Demo" */ = {
			isa = XCConfigurationList;
			buildConfigurations = (
				06DB23E51609F5BA0071BDA0 /* Debug */,
				06DB23E61609F5BA0071BDA0 /* Release */,
			);
			defaultConfigurationIsVisible = 0;
			defaultConfigurationName = Release;
		};
		06DB23E71609F5BA0071BDA0 /* Build configuration list for PBXNativeTarget "MMTabBarView Demo" */ = {
			isa = XCConfigurationList;
			buildConfigurations = (
				06DB23E81609F5BA0071BDA0 /* Debug */,
				06DB23E91609F5BA0071BDA0 /* Release */,
			);
			defaultConfigurationIsVisible = 0;
			defaultConfigurationName = Release;
		};
/* End XCConfigurationList section */
	};
	rootObject = 06DB23C01609F5B90071BDA0 /* Project object */;
}
