PODS:
  - ASIHTTPRequest (1.8.2):
    - ASIHTTPRequest/ASIWebPageRequest (= 1.8.2)
    - ASIHTTPRequest/CloudFiles (= 1.8.2)
    - ASIHTTPRequest/Core (= 1.8.2)
    - ASIHTTPRequest/S3 (= 1.8.2)
  - ASIHTTPRequest/ASIWebPageRequest (1.8.2):
    - ASIHTTPRequest/Core
  - ASIHTTPRequest/CloudFiles (1.8.2):
    - ASIHTTPRequest/Core
  - ASIHTTPRequest/Core (1.8.2):
    - Reachability
  - ASIHTTPRequest/S3 (1.8.2):
    - ASIHTTPRequest/Core
  - CDEvents (1.2.2)
  - FMDB (2.6):
    - FMDB/standard (= 2.6)
  - FMDB/standard (2.6)
  - MASPreferences (1.1.4)
  - OCMock (3.3)
  - Sparkle (1.14.0)

DEPENDENCIES:
  - ASIHTTPRequest (~> 1.8)
  - CDEvents
  - FMDB (~> 2.4)
  - MASPreferences (~> 1.1.4)
  - OCMock
  - Sparkle

SPEC CHECKSUMS:
  ASIHTTPRequest: ec013992946676b7978dcbde6396d57312d21db4
  CDEvents: f311f23de13414f4b3625f1a663b2e1d9a85d982
  FMDB: c1968bab3ab0aed38f66cb778ae1e7fa9a652b6e
  MASPreferences: 7bdcfe891d7840453cf48f95fa866c3e152ace7a
  OCMock: d68685bde31f69cb61d518dcb39269080c78b5ed
  Sparkle: ccd95233b12a3e3d4eeb55ff01dd4c8bb8188b07

PODFILE CHECKSUM: e0b7c9c050aa48cf03b9ce5a01284aadb8cc1867

COCOAPODS: 1.0.1
