PODS:
  - ASIHTTPRequest (1.8.2):
    - ASIHTTPRequest/ASIWebPageRequest (= 1.8.2)
    - ASIHTTPRequest/CloudFiles (= 1.8.2)
    - ASIHTTPRequest/Core (= 1.8.2)
    - ASIHTTPRequest/S3 (= 1.8.2)
  - ASIHTTPRequest/ASIWebPageRequest (1.8.2):
    - ASIHTTPRequest/Core
  - ASIHTTPRequest/CloudFiles (1.8.2):
    - ASIHTTPRequest/Core
  - ASIHTTPRequest/Core (1.8.2):
    - Reachability
  - ASIHTTPRequest/S3 (1.8.2):
    - ASIHTTPRequest/Core
  - CDEvents (1.2.2)
  - FMDB (2.6):
    - FMDB/standard (= 2.6)
  - FMDB/standard (2.6)
  - MASPreferences (1.1.2)
  - Sparkle (1.13.1)

DEPENDENCIES:
  - ASIHTTPRequest (~> 1.8)
  - CDEvents
  - FMDB (~> 2.4)
  - MASPreferences (from `https://github.com/shpakovski/MASPreferences.git`, commit
    `df459a75ad5a47ef1ea8141a79ecb952ca7ec746`)
  - Sparkle

EXTERNAL SOURCES:
  MASPreferences:
    :commit: df459a75ad5a47ef1ea8141a79ecb952ca7ec746
    :git: https://github.com/shpakovski/MASPreferences.git

CHECKOUT OPTIONS:
  MASPreferences:
    :commit: df459a75ad5a47ef1ea8141a79ecb952ca7ec746
    :git: https://github.com/shpakovski/MASPreferences.git

SPEC CHECKSUMS:
  ASIHTTPRequest: ec013992946676b7978dcbde6396d57312d21db4
  CDEvents: f311f23de13414f4b3625f1a663b2e1d9a85d982
  FMDB: c1968bab3ab0aed38f66cb778ae1e7fa9a652b6e
  MASPreferences: 32d8a2c5ef1d60b63240f5676b011ff72e194cb1
  Sparkle: 2fbd47b869621d1e679c7554e3e19dda02104818

COCOAPODS: 0.39.0
