{
  "object": {
    "pins": [
      {
        "package": "FMDB",
        "repositoryURL": "https://github.com/ccgus/fmdb",
        "state": {
          "branch": null,
          "revision": "61e51fde7f7aab6554f30ab061cc588b28a97d04",
          "version": "2.7.7"
        }
      },
      {
        "package": "MMTabBarView",
        "repositoryURL": "https://github.com/ViennaRSS/MMTabBarView",
        "state": {
          "branch": "v/1.4.12",
          "revision": "658a980eb7e623e4496087981ac92423b1a36edf",
          "version": null
        }
      },
      {
        "package": "Sparkle",
        "repositoryURL": "https://github.com/sparkle-project/Sparkle",
        "state": {
          "branch": null,
          "revision": "0d43f88a83698e57d93789831318b053767d1560",
          "version": "2.0.0-beta.4"
        }
      }
    ]
  },
  "version": 1
}
